// !$*UTF8*$!
{
	archiveVersion = 1;
	classes = {
	};
	objectVersion = 46;
	objects = {

/* Begin PBXBuildFile section */
		795F24571D37470E00892920 /* AppDelegate.swift in Sources */ = {isa = PBXBuildFile; fileRef = 795F24561D37470E00892920 /* AppDelegate.swift */; };
		795F24591D37470E00892920 /* ViewController.swift in Sources */ = {isa = PBXBuildFile; fileRef = 795F24581D37470E00892920 /* ViewController.swift */; };
		795F245C1D37470E00892920 /* Main.storyboard in Resources */ = {isa = PBXBuildFile; fileRef = 795F245A1D37470E00892920 /* Main.storyboard */; };
		795F245E1D37470E00892920 /* Assets.xcassets in Resources */ = {isa = PBXBuildFile; fileRef = 795F245D1D37470E00892920 /* Assets.xcassets */; };
		795F24611D37470E00892920 /* LaunchScreen.storyboard in Resources */ = {isa = PBXBuildFile; fileRef = 795F245F1D37470E00892920 /* LaunchScreen.storyboard */; };
		795F24691D37478400892920 /* MessageUI.framework in Frameworks */ = {isa = PBXBuildFile; fileRef = 795F24681D37478400892920 /* MessageUI.framework */; };
		795F246C1D3749A200892920 /* sample.jpg in Resources */ = {isa = PBXBuildFile; fileRef = 795F246B1D3749A200892920 /* sample.jpg */; };
/* End PBXBuildFile section */

/* Begin PBXFileReference section */
		795F24531D37470E00892920 /* MailSendTest.app */ = {isa = PBXFileReference; explicitFileType = wrapper.application; includeInIndex = 0; path = MailSendTest.app; sourceTree = BUILT_PRODUCTS_DIR; };
		795F24561D37470E00892920 /* AppDelegate.swift */ = {isa = PBXFileReference; lastKnownFileType = sourcecode.swift; path = AppDelegate.swift; sourceTree = "<group>"; };
		795F24581D37470E00892920 /* ViewController.swift */ = {isa = PBXFileReference; lastKnownFileType = sourcecode.swift; path = ViewController.swift; sourceTree = "<group>"; };
		795F245B1D37470E00892920 /* Base */ = {isa = PBXFileReference; lastKnownFileType = file.storyboard; name = Base; path = Base.lproj/Main.storyboard; sourceTree = "<group>"; };
		795F245D1D37470E00892920 /* Assets.xcassets */ = {isa = PBXFileReference; lastKnownFileType = folder.assetcatalog; path = Assets.xcassets; sourceTree = "<group>"; };
		795F24601D37470E00892920 /* Base */ = {isa = PBXFileReference; lastKnownFileType = file.storyboard; name = Base; path = Base.lproj/LaunchScreen.storyboard; sourceTree = "<group>"; };
		795F24621D37470E00892920 /* Info.plist */ = {isa = PBXFileReference; lastKnownFileType = text.plist.xml; path = Info.plist; sourceTree = "<group>"; };
		795F24681D37478400892920 /* MessageUI.framework */ = {isa = PBXFileReference; lastKnownFileType = wrapper.framework; name = MessageUI.framework; path = System/Library/Frameworks/MessageUI.framework; sourceTree = SDKROOT; };
		795F246B1D3749A200892920 /* sample.jpg */ = {isa = PBXFileReference; lastKnownFileType = image.jpeg; path = sample.jpg; sourceTree = "<group>"; };
/* End PBXFileReference section */

/* Begin PBXFrameworksBuildPhase section */
		795F24501D37470E00892920 /* Frameworks */ = {
			isa = PBXFrameworksBuildPhase;
			buildActionMask = 2147483647;
			files = (
				795F24691D37478400892920 /* MessageUI.framework in Frameworks */,
			);
			runOnlyForDeploymentPostprocessing = 0;
		};
/* End PBXFrameworksBuildPhase section */

/* Begin PBXGroup section */
		795F244A1D37470E00892920 = {
			isa = PBXGroup;
			children = (
				795F24681D37478400892920 /* MessageUI.framework */,
				795F24551D37470E00892920 /* MailSendTest */,
				795F24541D37470E00892920 /* Products */,
			);
			sourceTree = "<group>";
		};
		795F24541D37470E00892920 /* Products */ = {
			isa = PBXGroup;
			children = (
				795F24531D37470E00892920 /* MailSendTest.app */,
			);
			name = Products;
			sourceTree = "<group>";
		};
		795F24551D37470E00892920 /* MailSendTest */ = {
			isa = PBXGroup;
			children = (
				795F246A1D37499800892920 /* Images */,
				795F24561D37470E00892920 /* AppDelegate.swift */,
				795F24581D37470E00892920 /* ViewController.swift */,
				795F245A1D37470E00892920 /* Main.storyboard */,
				795F245D1D37470E00892920 /* Assets.xcassets */,
				795F245F1D37470E00892920 /* LaunchScreen.storyboard */,
				795F24621D37470E00892920 /* Info.plist */,
			);
			path = MailSendTest;
			sourceTree = "<group>";
		};
		795F246A1D37499800892920 /* Images */ = {
			isa = PBXGroup;
			children = (
				795F246B1D3749A200892920 /* sample.jpg */,
			);
			name = Images;
			sourceTree = "<group>";
		};
/* End PBXGroup section */

/* Begin PBXNativeTarget section */
		795F24521D37470E00892920 /* MailSendTest */ = {
			isa = PBXNativeTarget;
			buildConfigurationList = 795F24651D37470F00892920 /* Build configuration list for PBXNativeTarget "MailSendTest" */;
			buildPhases = (
				795F244F1D37470E00892920 /* Sources */,
				795F24501D37470E00892920 /* Frameworks */,
				795F24511D37470E00892920 /* Resources */,
			);
			buildRules = (
			);
			dependencies = (
			);
			name = MailSendTest;
			productName = MailSendTest;
			productReference = 795F24531D37470E00892920 /* MailSendTest.app */;
			productType = "com.apple.product-type.application";
		};
/* End PBXNativeTarget section */

/* Begin PBXProject section */
		795F244B1D37470E00892920 /* Project object */ = {
			isa = PBXProject;
			attributes = {
				LastSwiftUpdateCheck = 0730;
				LastUpgradeCheck = 0730;
				ORGANIZATIONNAME = "Grand Desgin Co., Ltd.";
				TargetAttributes = {
					795F24521D37470E00892920 = {
						CreatedOnToolsVersion = 7.3.1;
						DevelopmentTeam = 67NJZVUMG3;
					};
				};
			};
			buildConfigurationList = 795F244E1D37470E00892920 /* Build configuration list for PBXProject "MailSendTest" */;
			compatibilityVersion = "Xcode 3.2";
			developmentRegion = English;
			hasScannedForEncodings = 0;
			knownRegions = (
				en,
				Base,
			);
			mainGroup = 795F244A1D37470E00892920;
			productRefGroup = 795F24541D37470E00892920 /* Products */;
			projectDirPath = "";
			projectRoot = "";
			targets = (
				795F24521D37470E00892920 /* MailSendTest */,
			);
		};
/* End PBXProject section */

/* Begin PBXResourcesBuildPhase section */
		795F24511D37470E00892920 /* Resources */ = {
			isa = PBXResourcesBuildPhase;
			buildActionMask = 2147483647;
			files = (
				795F24611D37470E00892920 /* LaunchScreen.storyboard in Resources */,
				795F245E1D37470E00892920 /* Assets.xcassets in Resources */,
				795F245C1D37470E00892920 /* Main.storyboard in Resources */,
				795F246C1D3749A200892920 /* sample.jpg in Resources */,
			);
			runOnlyForDeploymentPostprocessing = 0;
		};
/* End PBXResourcesBuildPhase section */

/* Begin PBXSourcesBuildPhase section */
		795F244F1D37470E00892920 /* Sources */ = {
			isa = PBXSourcesBuildPhase;
			buildActionMask = 2147483647;
			files = (
				795F24591D37470E00892920 /* ViewController.swift in Sources */,
				795F24571D37470E00892920 /* AppDelegate.swift in Sources */,
			);
			runOnlyForDeploymentPostprocessing = 0;
		};
/* End PBXSourcesBuildPhase section */

/* Begin PBXVariantGroup section */
		795F245A1D37470E00892920 /* Main.storyboard */ = {
			isa = PBXVariantGroup;
			children = (
				795F245B1D37470E00892920 /* Base */,
			);
			name = Main.storyboard;
			sourceTree = "<group>";
		};
		795F245F1D37470E00892920 /* LaunchScreen.storyboard */ = {
			isa = PBXVariantGroup;
			children = (
				795F24601D37470E00892920 /* Base */,
			);
			name = LaunchScreen.storyboard;
			sourceTree = "<group>";
		};
/* End PBXVariantGroup section */

/* Begin XCBuildConfiguration section */
		795F24631D37470E00892920 /* Debug */ = {
			isa = XCBuildConfiguration;
			buildSettings = {
				ALWAYS_SEARCH_USER_PATHS = NO;
				CLANG_ANALYZER_NONNULL = YES;
				CLANG_CXX_LANGUAGE_STANDARD = "gnu++0x";
				CLANG_CXX_LIBRARY = "libc++";
				CLANG_ENABLE_MODULES = YES;
				CLANG_ENABLE_OBJC_ARC = YES;
				CLANG_WARN_BOOL_CONVERSION = YES;
				CLANG_WARN_CONSTANT_CONVERSION = YES;
				CLANG_WARN_DIRECT_OBJC_ISA_USAGE = YES_ERROR;
				CLANG_WARN_EMPTY_BODY = YES;
				CLANG_WARN_ENUM_CONVERSION = YES;
				CLANG_WARN_INT_CONVERSION = YES;
				CLANG_WARN_OBJC_ROOT_CLASS = YES_ERROR;
				CLANG_WARN_UNREACHABLE_CODE = YES;
				CLANG_WARN__DUPLICATE_METHOD_MATCH = YES;
				"CODE_SIGN_IDENTITY[sdk=iphoneos*]" = "iPhone Developer";
				COPY_PHASE_STRIP = NO;
				DEBUG_INFORMATION_FORMAT = dwarf;
				ENABLE_STRICT_OBJC_MSGSEND = YES;
				ENABLE_TESTABILITY = YES;
				GCC_C_LANGUAGE_STANDARD = gnu99;
				GCC_DYNAMIC_NO_PIC = NO;
				GCC_NO_COMMON_BLOCKS = YES;
				GCC_OPTIMIZATION_LEVEL = 0;
				GCC_PREPROCESSOR_DEFINITIONS = (
					"DEBUG=1",
					"$(inherited)",
				);
				GCC_WARN_64_TO_32_BIT_CONVERSION = YES;
				GCC_WARN_ABOUT_RETURN_TYPE = YES_ERROR;
				GCC_WARN_UNDECLARED_SELECTOR = YES;
				GCC_WARN_UNINITIALIZED_AUTOS = YES_AGGRESSIVE;
				GCC_WARN_UNUSED_FUNCTION = YES;
				GCC_WARN_UNUSED_VARIABLE = YES;
				IPHONEOS_DEPLOYMENT_TARGET = 9.3;
				MTL_ENABLE_DEBUG_INFO = YES;
				ONLY_ACTIVE_ARCH = YES;
				SDKROOT = iphoneos;
				SWIFT_OPTIMIZATION_LEVEL = "-Onone";
				TARGETED_DEVICE_FAMILY = 2;
			};
			name = Debug;
		};
		795F24641D37470E00892920 /* Release */ = {
			isa = XCBuildConfiguration;
			buildSettings = {
				ALWAYS_SEARCH_USER_PATHS = NO;
				CLANG_ANALYZER_NONNULL = YES;
				CLANG_CXX_LANGUAGE_STANDARD = "gnu++0x";
				CLANG_CXX_LIBRARY = "libc++";
				CLANG_ENABLE_MODULES = YES;
				CLANG_ENABLE_OBJC_ARC = YES;
				CLANG_WARN_BOOL_CONVERSION = YES;
				CLANG_WARN_CONSTANT_CONVERSION = YES;
				CLANG_WARN_DIRECT_OBJC_ISA_USAGE = YES_ERROR;
				CLANG_WARN_EMPTY_BODY = YES;
				CLANG_WARN_ENUM_CONVERSION = YES;
				CLANG_WARN_INT_CONVERSION = YES;
				CLANG_WARN_OBJC_ROOT_CLASS = YES_ERROR;
				CLANG_WARN_UNREACHABLE_CODE = YES;
				CLANG_WARN__DUPLICATE_METHOD_MATCH = YES;
				"CODE_SIGN_IDENTITY[sdk=iphoneos*]" = "iPhone Developer";
				COPY_PHASE_STRIP = NO;
				DEBUG_INFORMATION_FORMAT = "dwarf-with-dsym";
				ENABLE_NS_ASSERTIONS = NO;
				ENABLE_STRICT_OBJC_MSGSEND = YES;
				GCC_C_LANGUAGE_STANDARD = gnu99;
				GCC_NO_COMMON_BLOCKS = YES;
				GCC_WARN_64_TO_32_BIT_CONVERSION = YES;
				GCC_WARN_ABOUT_RETURN_TYPE = YES_ERROR;
				GCC_WARN_UNDECLARED_SELECTOR = YES;
				GCC_WARN_UNINITIALIZED_AUTOS = YES_AGGRESSIVE;
				GCC_WARN_UNUSED_FUNCTION = YES;
				GCC_WARN_UNUSED_VARIABLE = YES;
				IPHONEOS_DEPLOYMENT_TARGET = 9.3;
				MTL_ENABLE_DEBUG_INFO = NO;
				SDKROOT = iphoneos;
				TARGETED_DEVICE_FAMILY = 2;
				VALIDATE_PRODUCT = YES;
			};
			name = Release;
		};
		795F24661D37470F00892920 /* Debug */ = {
			isa = XCBuildConfiguration;
			buildSettings = {
				ASSETCATALOG_COMPILER_APPICON_NAME = AppIcon;
				CODE_SIGN_IDENTITY = "iPhone Developer";
				INFOPLIST_FILE = MailSendTest/Info.plist;
				LD_RUNPATH_SEARCH_PATHS = "$(inherited) @executable_path/Frameworks";
				PRODUCT_BUNDLE_IDENTIFIER = "me.toshi-sv.MailSendTest";
				PRODUCT_NAME = "$(TARGET_NAME)";
			};
			name = Debug;
		};
		795F24671D37470F00892920 /* Release */ = {
			isa = XCBuildConfiguration;
			buildSettings = {
				ASSETCATALOG_COMPILER_APPICON_NAME = AppIcon;
				CODE_SIGN_IDENTITY = "iPhone Developer";
				INFOPLIST_FILE = MailSendTest/Info.plist;
				LD_RUNPATH_SEARCH_PATHS = "$(inherited) @executable_path/Frameworks";
				PRODUCT_BUNDLE_IDENTIFIER = "me.toshi-sv.MailSendTest";
				PRODUCT_NAME = "$(TARGET_NAME)";
			};
			name = Release;
		};
/* End XCBuildConfiguration section */

/* Begin XCConfigurationList section */
		795F244E1D37470E00892920 /* Build configuration list for PBXProject "MailSendTest" */ = {
			isa = XCConfigurationList;
			buildConfigurations = (
				795F24631D37470E00892920 /* Debug */,
				795F24641D37470E00892920 /* Release */,
			);
			defaultConfigurationIsVisible = 0;
			defaultConfigurationName = Release;
		};
		795F24651D37470F00892920 /* Build configuration list for PBXNativeTarget "MailSendTest" */ = {
			isa = XCConfigurationList;
			buildConfigurations = (
				795F24661D37470F00892920 /* Debug */,
				795F24671D37470F00892920 /* Release */,
			);
			defaultConfigurationIsVisible = 0;
			defaultConfigurationName = Release;
		};
/* End XCConfigurationList section */
	};
	rootObject = 795F244B1D37470E00892920 /* Project object */;
}
